// !$*UTF8*$!
{
	archiveVersion = 1;
	classes = {
	};
	objectVersion = 46;
	objects = {

/* Begin PBXBuildFile section */
		FE44277B1A11C0D3009E6A44 /* ConfigViewController.m in Sources */ = {isa = PBXBuildFile; fileRef = FE44277A1A11C0D3009E6A44 /* ConfigViewController.m */; };
		FE44277E1A11D06E009E6A44 /* PatternTwo.m in Sources */ = {isa = PBXBuildFile; fileRef = FE44277D1A11D06E009E6A44 /* PatternTwo.m */; };
		FE44278D1A11D7A2009E6A44 /* AsyncSocket.m in Sources */ = {isa = PBXBuildFile; fileRef = FE44278A1A11D7A2009E6A44 /* AsyncSocket.m */; };
		FE44278E1A11D7A2009E6A44 /* AsyncUdpSocket.m in Sources */ = {isa = PBXBuildFile; fileRef = FE44278C1A11D7A2009E6A44 /* AsyncUdpSocket.m */; };
		FE4B72D41A135B3D00238A02 /* qr_scan.png in Resources */ = {isa = PBXBuildFile; fileRef = FE4B72D31A135B3D00238A02 /* qr_scan.png */; };
		FE4B72F11A135D3B00238A02 /* zbar-back.png in Resources */ = {isa = PBXBuildFile; fileRef = FE4B72EC1A135D3B00238A02 /* zbar-back.png */; };
		FE4B72F21A135D3B00238A02 /* zbar-help.html in Resources */ = {isa = PBXBuildFile; fileRef = FE4B72ED1A135D3B00238A02 /* zbar-help.html */; };
		FE4B72F31A135D3B00238A02 /* zbar-helpicons.png in Resources */ = {isa = PBXBuildFile; fileRef = FE4B72EE1A135D3B00238A02 /* zbar-helpicons.png */; };
		FE4B72F41A135D3B00238A02 /* zbar-samples.png in Resources */ = {isa = PBXBuildFile; fileRef = FE4B72EF1A135D3B00238A02 /* zbar-samples.png */; };
		FE4B72F51A135D5B00238A02 /* CoreGraphics.framework in Frameworks */ = {isa = PBXBuildFile; fileRef = FE61F85F1A10BE090028225C /* CoreGraphics.framework */; };
		FE4B72F61A135D6200238A02 /* UIKit.framework in Frameworks */ = {isa = PBXBuildFile; fileRef = FE61F85D1A10BE000028225C /* UIKit.framework */; };
		FE4B72F71A135D6800238A02 /* SystemConfiguration.framework in Frameworks */ = {isa = PBXBuildFile; fileRef = FE61F85B1A10BDF70028225C /* SystemConfiguration.framework */; };
		FE4B72F81A135D6D00238A02 /* CoreVideo.framework in Frameworks */ = {isa = PBXBuildFile; fileRef = FE61F8591A10BDF10028225C /* CoreVideo.framework */; };
		FE4B72F91A135D7200238A02 /* CoreMedia.framework in Frameworks */ = {isa = PBXBuildFile; fileRef = FE61F8571A10BDEC0028225C /* CoreMedia.framework */; };
		FE4B72FA1A135D7700238A02 /* AVFoundation.framework in Frameworks */ = {isa = PBXBuildFile; fileRef = FE61F8551A10BDE10028225C /* AVFoundation.framework */; };
		FE4B72FB1A135D7B00238A02 /* Foundation.framework in Frameworks */ = {isa = PBXBuildFile; fileRef = FE61F8531A10BDDC0028225C /* Foundation.framework */; };
		FE4B72FC1A135D8200238A02 /* libiconv.dylib in Frameworks */ = {isa = PBXBuildFile; fileRef = FE61F8501A10BDAF0028225C /* libiconv.dylib */; };
		FE4B72FD1A135D8700238A02 /* QuartzCore.framework in Frameworks */ = {isa = PBXBuildFile; fileRef = FE61F84E1A10BDA30028225C /* QuartzCore.framework */; };
		FE4B72FF1A135D8F00238A02 /* libzbar.a in Frameworks */ = {isa = PBXBuildFile; fileRef = FE4B72FE1A135D8F00238A02 /* libzbar.a */; };
		FE4B73021A1363F400238A02 /* line@2x.png in Resources */ = {isa = PBXBuildFile; fileRef = FE4B73001A1363F400238A02 /* line@2x.png */; };
		FE4B73031A1363F400238A02 /* pick_bg@2x.png in Resources */ = {isa = PBXBuildFile; fileRef = FE4B73011A1363F400238A02 /* pick_bg@2x.png */; };
		FE4B73071A137B9000238A02 /* PatternThree.m in Sources */ = {isa = PBXBuildFile; fileRef = FE4B73061A137B9000238A02 /* PatternThree.m */; };
		FE4B73091A137D4500238A02 /* home_image.png in Resources */ = {isa = PBXBuildFile; fileRef = FE4B73081A137D4500238A02 /* home_image.png */; };
		FE4B73101A14968500238A02 /* DiscoverViewController.m in Sources */ = {isa = PBXBuildFile; fileRef = FE4B730F1A14968500238A02 /* DiscoverViewController.m */; };
		FE4B73131A14973500238A02 /* ClientViewController.m in Sources */ = {isa = PBXBuildFile; fileRef = FE4B73121A14973500238A02 /* ClientViewController.m */; };
		FE4B73191A15DE9700238A02 /* Scanner.m in Sources */ = {isa = PBXBuildFile; fileRef = FE4B73181A15DE9700238A02 /* Scanner.m */; };
		FE61F80A1A0B0A170028225C /* main.m in Sources */ = {isa = PBXBuildFile; fileRef = FE61F8091A0B0A170028225C /* main.m */; };
		FE61F80D1A0B0A170028225C /* AppDelegate.m in Sources */ = {isa = PBXBuildFile; fileRef = FE61F80C1A0B0A170028225C /* AppDelegate.m */; };
		FE61F8101A0B0A170028225C /* ViewController.m in Sources */ = {isa = PBXBuildFile; fileRef = FE61F80F1A0B0A170028225C /* ViewController.m */; };
		FE61F8131A0B0A170028225C /* Main.storyboard in Resources */ = {isa = PBXBuildFile; fileRef = FE61F8111A0B0A170028225C /* Main.storyboard */; };
		FE61F8151A0B0A170028225C /* Images.xcassets in Resources */ = {isa = PBXBuildFile; fileRef = FE61F8141A0B0A170028225C /* Images.xcassets */; };
		FE61F8181A0B0A170028225C /* LaunchScreen.xib in Resources */ = {isa = PBXBuildFile; fileRef = FE61F8161A0B0A170028225C /* LaunchScreen.xib */; };
		FE61F8241A0B0A170028225C /* SimpleConfigTests.m in Sources */ = {isa = PBXBuildFile; fileRef = FE61F8231A0B0A170028225C /* SimpleConfigTests.m */; };
		FE61F83E1A0B4F020028225C /* PatternBase.m in Sources */ = {isa = PBXBuildFile; fileRef = FE61F83D1A0B4F020028225C /* PatternBase.m */; };
		FE61F8451A0B59960028225C /* SimpleConfig.m in Sources */ = {isa = PBXBuildFile; fileRef = FE61F8441A0B59960028225C /* SimpleConfig.m */; };
		FE61F84D1A10BC230028225C /* CFNetwork.framework in Frameworks */ = {isa = PBXBuildFile; fileRef = FE61F84C1A10BC230028225C /* CFNetwork.framework */; };
		FEAC1A551A19E60100EADE58 /* ClientListCell.m in Sources */ = {isa = PBXBuildFile; fileRef = FEAC1A541A19E60100EADE58 /* ClientListCell.m */; };
/* End PBXBuildFile section */

/* Begin PBXContainerItemProxy section */
		FE61F81E1A0B0A170028225C /* PBXContainerItemProxy */ = {
			isa = PBXContainerItemProxy;
			containerPortal = FE61F7FC1A0B0A160028225C /* Project object */;
			proxyType = 1;
			remoteGlobalIDString = FE61F8031A0B0A160028225C;
			remoteInfo = SimpleConfig;
		};
/* End PBXContainerItemProxy section */

/* Begin PBXFileReference section */
		FE4427791A11C093009E6A44 /* ConfigViewController.h */ = {isa = PBXFileReference; fileEncoding = 4; lastKnownFileType = sourcecode.c.h; path = ConfigViewController.h; sourceTree = "<group>"; };
		FE44277A1A11C0D3009E6A44 /* ConfigViewController.m */ = {isa = PBXFileReference; fileEncoding = 4; lastKnownFileType = sourcecode.c.objc; path = ConfigViewController.m; sourceTree = "<group>"; };
		FE44277C1A11D06E009E6A44 /* PatternTwo.h */ = {isa = PBXFileReference; fileEncoding = 4; lastKnownFileType = sourcecode.c.h; name = PatternTwo.h; path = SimpleConfig/Patterns/2/PatternTwo.h; sourceTree = SOURCE_ROOT; };
		FE44277D1A11D06E009E6A44 /* PatternTwo.m */ = {isa = PBXFileReference; fileEncoding = 4; lastKnownFileType = sourcecode.c.objc; name = PatternTwo.m; path = SimpleConfig/Patterns/2/PatternTwo.m; sourceTree = SOURCE_ROOT; };
		FE4427891A11D7A2009E6A44 /* AsyncSocket.h */ = {isa = PBXFileReference; fileEncoding = 4; lastKnownFileType = sourcecode.c.h; path = AsyncSocket.h; sourceTree = "<group>"; };
		FE44278A1A11D7A2009E6A44 /* AsyncSocket.m */ = {isa = PBXFileReference; fileEncoding = 4; lastKnownFileType = sourcecode.c.objc; path = AsyncSocket.m; sourceTree = "<group>"; };
		FE44278B1A11D7A2009E6A44 /* AsyncUdpSocket.h */ = {isa = PBXFileReference; fileEncoding = 4; lastKnownFileType = sourcecode.c.h; path = AsyncUdpSocket.h; sourceTree = "<group>"; };
		FE44278C1A11D7A2009E6A44 /* AsyncUdpSocket.m */ = {isa = PBXFileReference; fileEncoding = 4; lastKnownFileType = sourcecode.c.objc; path = AsyncUdpSocket.m; sourceTree = "<group>"; };
		FE4B72D31A135B3D00238A02 /* qr_scan.png */ = {isa = PBXFileReference; lastKnownFileType = image.png; path = qr_scan.png; sourceTree = "<group>"; };
		FE4B72D71A135D1B00238A02 /* Decoder.h */ = {isa = PBXFileReference; fileEncoding = 4; lastKnownFileType = sourcecode.c.h; path = Decoder.h; sourceTree = "<group>"; };
		FE4B72D81A135D1B00238A02 /* Exception.h */ = {isa = PBXFileReference; fileEncoding = 4; lastKnownFileType = sourcecode.c.h; path = Exception.h; sourceTree = "<group>"; };
		FE4B72D91A135D1B00238A02 /* Image.h */ = {isa = PBXFileReference; fileEncoding = 4; lastKnownFileType = sourcecode.c.h; path = Image.h; sourceTree = "<group>"; };
		FE4B72DA1A135D1B00238A02 /* ImageScanner.h */ = {isa = PBXFileReference; fileEncoding = 4; lastKnownFileType = sourcecode.c.h; path = ImageScanner.h; sourceTree = "<group>"; };
		FE4B72DB1A135D1B00238A02 /* Processor.h */ = {isa = PBXFileReference; fileEncoding = 4; lastKnownFileType = sourcecode.c.h; path = Processor.h; sourceTree = "<group>"; };
		FE4B72DC1A135D1B00238A02 /* Scanner.h */ = {isa = PBXFileReference; fileEncoding = 4; lastKnownFileType = sourcecode.c.h; path = Scanner.h; sourceTree = "<group>"; };
		FE4B72DD1A135D1B00238A02 /* Symbol.h */ = {isa = PBXFileReference; fileEncoding = 4; lastKnownFileType = sourcecode.c.h; path = Symbol.h; sourceTree = "<group>"; };
		FE4B72DE1A135D1B00238A02 /* Video.h */ = {isa = PBXFileReference; fileEncoding = 4; lastKnownFileType = sourcecode.c.h; path = Video.h; sourceTree = "<group>"; };
		FE4B72DF1A135D1B00238A02 /* Window.h */ = {isa = PBXFileReference; fileEncoding = 4; lastKnownFileType = sourcecode.c.h; path = Window.h; sourceTree = "<group>"; };
		FE4B72E01A135D1B00238A02 /* zbar.h */ = {isa = PBXFileReference; fileEncoding = 4; lastKnownFileType = sourcecode.c.h; path = zbar.h; sourceTree = "<group>"; };
		FE4B72E11A135D1B00238A02 /* ZBarCameraSimulator.h */ = {isa = PBXFileReference; fileEncoding = 4; lastKnownFileType = sourcecode.c.h; path = ZBarCameraSimulator.h; sourceTree = "<group>"; };
		FE4B72E21A135D1B00238A02 /* ZBarCaptureReader.h */ = {isa = PBXFileReference; fileEncoding = 4; lastKnownFileType = sourcecode.c.h; path = ZBarCaptureReader.h; sourceTree = "<group>"; };
		FE4B72E31A135D1B00238A02 /* ZBarHelpController.h */ = {isa = PBXFileReference; fileEncoding = 4; lastKnownFileType = sourcecode.c.h; path = ZBarHelpController.h; sourceTree = "<group>"; };
		FE4B72E41A135D1B00238A02 /* ZBarImage.h */ = {isa = PBXFileReference; fileEncoding = 4; lastKnownFileType = sourcecode.c.h; path = ZBarImage.h; sourceTree = "<group>"; };
		FE4B72E51A135D1B00238A02 /* ZBarImageScanner.h */ = {isa = PBXFileReference; fileEncoding = 4; lastKnownFileType = sourcecode.c.h; path = ZBarImageScanner.h; sourceTree = "<group>"; };
		FE4B72E61A135D1B00238A02 /* ZBarReaderController.h */ = {isa = PBXFileReference; fileEncoding = 4; lastKnownFileType = sourcecode.c.h; path = ZBarReaderController.h; sourceTree = "<group>"; };
		FE4B72E71A135D1B00238A02 /* ZBarReaderView.h */ = {isa = PBXFileReference; fileEncoding = 4; lastKnownFileType = sourcecode.c.h; path = ZBarReaderView.h; sourceTree = "<group>"; };
		FE4B72E81A135D1B00238A02 /* ZBarReaderViewController.h */ = {isa = PBXFileReference; fileEncoding = 4; lastKnownFileType = sourcecode.c.h; path = ZBarReaderViewController.h; sourceTree = "<group>"; };
		FE4B72E91A135D1B00238A02 /* ZBarSDK.h */ = {isa = PBXFileReference; fileEncoding = 4; lastKnownFileType = sourcecode.c.h; path = ZBarSDK.h; sourceTree = "<group>"; };
		FE4B72EA1A135D1B00238A02 /* ZBarSymbol.h */ = {isa = PBXFileReference; fileEncoding = 4; lastKnownFileType = sourcecode.c.h; path = ZBarSymbol.h; sourceTree = "<group>"; };
		FE4B72EC1A135D3B00238A02 /* zbar-back.png */ = {isa = PBXFileReference; lastKnownFileType = image.png; name = "zbar-back.png"; path = "SimpleConfig/Lib/ZBarSDK/Resources/zbar-back.png"; sourceTree = SOURCE_ROOT; };
		FE4B72ED1A135D3B00238A02 /* zbar-help.html */ = {isa = PBXFileReference; fileEncoding = 4; lastKnownFileType = text.html; name = "zbar-help.html"; path = "SimpleConfig/Lib/ZBarSDK/Resources/zbar-help.html"; sourceTree = SOURCE_ROOT; };
		FE4B72EE1A135D3B00238A02 /* zbar-helpicons.png */ = {isa = PBXFileReference; lastKnownFileType = image.png; name = "zbar-helpicons.png"; path = "SimpleConfig/Lib/ZBarSDK/Resources/zbar-helpicons.png"; sourceTree = SOURCE_ROOT; };
		FE4B72EF1A135D3B00238A02 /* zbar-samples.png */ = {isa = PBXFileReference; lastKnownFileType = image.png; name = "zbar-samples.png"; path = "SimpleConfig/Lib/ZBarSDK/Resources/zbar-samples.png"; sourceTree = SOURCE_ROOT; };
		FE4B72FE1A135D8F00238A02 /* libzbar.a */ = {isa = PBXFileReference; lastKnownFileType = archive.ar; name = libzbar.a; path = SimpleConfig/Lib/ZBarSDK/libzbar.a; sourceTree = "<group>"; };
		FE4B73001A1363F400238A02 /* line@2x.png */ = {isa = PBXFileReference; lastKnownFileType = image.png; path = "line@2x.png"; sourceTree = "<group>"; };
		FE4B73011A1363F400238A02 /* pick_bg@2x.png */ = {isa = PBXFileReference; lastKnownFileType = image.png; path = "pick_bg@2x.png"; sourceTree = "<group>"; };
		FE4B73051A137B9000238A02 /* PatternThree.h */ = {isa = PBXFileReference; fileEncoding = 4; lastKnownFileType = sourcecode.c.h; path = PatternThree.h; sourceTree = "<group>"; };
		FE4B73061A137B9000238A02 /* PatternThree.m */ = {isa = PBXFileReference; fileEncoding = 4; lastKnownFileType = sourcecode.c.objc; path = PatternThree.m; sourceTree = "<group>"; };
		FE4B73081A137D4500238A02 /* home_image.png */ = {isa = PBXFileReference; lastKnownFileType = image.png; path = home_image.png; sourceTree = "<group>"; };
		FE4B730E1A14968500238A02 /* DiscoverViewController.h */ = {isa = PBXFileReference; fileEncoding = 4; lastKnownFileType = sourcecode.c.h; path = DiscoverViewController.h; sourceTree = "<group>"; };
		FE4B730F1A14968500238A02 /* DiscoverViewController.m */ = {isa = PBXFileReference; fileEncoding = 4; lastKnownFileType = sourcecode.c.objc; path = DiscoverViewController.m; sourceTree = "<group>"; };
		FE4B73111A14973500238A02 /* ClientViewController.h */ = {isa = PBXFileReference; fileEncoding = 4; lastKnownFileType = sourcecode.c.h; path = ClientViewController.h; sourceTree = "<group>"; };
		FE4B73121A14973500238A02 /* ClientViewController.m */ = {isa = PBXFileReference; fileEncoding = 4; lastKnownFileType = sourcecode.c.objc; path = ClientViewController.m; sourceTree = "<group>"; };
		FE4B73171A15DE9700238A02 /* Scanner.h */ = {isa = PBXFileReference; fileEncoding = 4; lastKnownFileType = sourcecode.c.h; path = Scanner.h; sourceTree = "<group>"; };
		FE4B73181A15DE9700238A02 /* Scanner.m */ = {isa = PBXFileReference; fileEncoding = 4; lastKnownFileType = sourcecode.c.objc; path = Scanner.m; sourceTree = "<group>"; };
		FE61F8041A0B0A160028225C /* SimpleConfig.app */ = {isa = PBXFileReference; explicitFileType = wrapper.application; includeInIndex = 0; path = SimpleConfig.app; sourceTree = BUILT_PRODUCTS_DIR; };
		FE61F8081A0B0A170028225C /* Info.plist */ = {isa = PBXFileReference; lastKnownFileType = text.plist.xml; path = Info.plist; sourceTree = "<group>"; };
		FE61F8091A0B0A170028225C /* main.m */ = {isa = PBXFileReference; lastKnownFileType = sourcecode.c.objc; path = main.m; sourceTree = "<group>"; };
		FE61F80B1A0B0A170028225C /* AppDelegate.h */ = {isa = PBXFileReference; lastKnownFileType = sourcecode.c.h; path = AppDelegate.h; sourceTree = "<group>"; };
		FE61F80C1A0B0A170028225C /* AppDelegate.m */ = {isa = PBXFileReference; lastKnownFileType = sourcecode.c.objc; path = AppDelegate.m; sourceTree = "<group>"; };
		FE61F80E1A0B0A170028225C /* ViewController.h */ = {isa = PBXFileReference; lastKnownFileType = sourcecode.c.h; path = ViewController.h; sourceTree = "<group>"; };
		FE61F80F1A0B0A170028225C /* ViewController.m */ = {isa = PBXFileReference; lastKnownFileType = sourcecode.c.objc; path = ViewController.m; sourceTree = "<group>"; };
		FE61F8121A0B0A170028225C /* Base */ = {isa = PBXFileReference; lastKnownFileType = file.storyboard; name = Base; path = Base.lproj/Main.storyboard; sourceTree = "<group>"; };
		FE61F8141A0B0A170028225C /* Images.xcassets */ = {isa = PBXFileReference; lastKnownFileType = folder.assetcatalog; path = Images.xcassets; sourceTree = "<group>"; };
		FE61F8171A0B0A170028225C /* Base */ = {isa = PBXFileReference; lastKnownFileType = file.xib; name = Base; path = Base.lproj/LaunchScreen.xib; sourceTree = "<group>"; };
		FE61F81D1A0B0A170028225C /* SimpleConfigTests.xctest */ = {isa = PBXFileReference; explicitFileType = wrapper.cfbundle; includeInIndex = 0; path = SimpleConfigTests.xctest; sourceTree = BUILT_PRODUCTS_DIR; };
		FE61F8221A0B0A170028225C /* Info.plist */ = {isa = PBXFileReference; lastKnownFileType = text.plist.xml; path = Info.plist; sourceTree = "<group>"; };
		FE61F8231A0B0A170028225C /* SimpleConfigTests.m */ = {isa = PBXFileReference; lastKnownFileType = sourcecode.c.objc; path = SimpleConfigTests.m; sourceTree = "<group>"; };
		FE61F83B1A0B4F020028225C /* Defines.h */ = {isa = PBXFileReference; fileEncoding = 4; lastKnownFileType = sourcecode.c.h; path = Defines.h; sourceTree = "<group>"; };
		FE61F83C1A0B4F020028225C /* PatternBase.h */ = {isa = PBXFileReference; fileEncoding = 4; lastKnownFileType = sourcecode.c.h; path = PatternBase.h; sourceTree = "<group>"; };
		FE61F83D1A0B4F020028225C /* PatternBase.m */ = {isa = PBXFileReference; fileEncoding = 4; lastKnownFileType = sourcecode.c.objc; path = PatternBase.m; sourceTree = "<group>"; };
		FE61F8431A0B59380028225C /* SimpleConfig.h */ = {isa = PBXFileReference; lastKnownFileType = sourcecode.c.h; path = SimpleConfig.h; sourceTree = "<group>"; };
		FE61F8441A0B59960028225C /* SimpleConfig.m */ = {isa = PBXFileReference; fileEncoding = 4; lastKnownFileType = sourcecode.c.objc; path = SimpleConfig.m; sourceTree = "<group>"; };
		FE61F8491A1055140028225C /* String.h */ = {isa = PBXFileReference; fileEncoding = 4; lastKnownFileType = sourcecode.c.h; path = String.h; sourceTree = "<group>"; };
		FE61F84C1A10BC230028225C /* CFNetwork.framework */ = {isa = PBXFileReference; lastKnownFileType = wrapper.framework; name = CFNetwork.framework; path = System/Library/Frameworks/CFNetwork.framework; sourceTree = SDKROOT; };
		FE61F84E1A10BDA30028225C /* QuartzCore.framework */ = {isa = PBXFileReference; lastKnownFileType = wrapper.framework; name = QuartzCore.framework; path = System/Library/Frameworks/QuartzCore.framework; sourceTree = SDKROOT; };
		FE61F8501A10BDAF0028225C /* libiconv.dylib */ = {isa = PBXFileReference; lastKnownFileType = "compiled.mach-o.dylib"; name = libiconv.dylib; path = usr/lib/libiconv.dylib; sourceTree = SDKROOT; };
		FE61F8531A10BDDC0028225C /* Foundation.framework */ = {isa = PBXFileReference; lastKnownFileType = wrapper.framework; name = Foundation.framework; path = System/Library/Frameworks/Foundation.framework; sourceTree = SDKROOT; };
		FE61F8551A10BDE10028225C /* AVFoundation.framework */ = {isa = PBXFileReference; lastKnownFileType = wrapper.framework; name = AVFoundation.framework; path = System/Library/Frameworks/AVFoundation.framework; sourceTree = SDKROOT; };
		FE61F8571A10BDEC0028225C /* CoreMedia.framework */ = {isa = PBXFileReference; lastKnownFileType = wrapper.framework; name = CoreMedia.framework; path = System/Library/Frameworks/CoreMedia.framework; sourceTree = SDKROOT; };
		FE61F8591A10BDF10028225C /* CoreVideo.framework */ = {isa = PBXFileReference; lastKnownFileType = wrapper.framework; name = CoreVideo.framework; path = System/Library/Frameworks/CoreVideo.framework; sourceTree = SDKROOT; };
		FE61F85B1A10BDF70028225C /* SystemConfiguration.framework */ = {isa = PBXFileReference; lastKnownFileType = wrapper.framework; name = SystemConfiguration.framework; path = System/Library/Frameworks/SystemConfiguration.framework; sourceTree = SDKROOT; };
		FE61F85D1A10BE000028225C /* UIKit.framework */ = {isa = PBXFileReference; lastKnownFileType = wrapper.framework; name = UIKit.framework; path = System/Library/Frameworks/UIKit.framework; sourceTree = SDKROOT; };
		FE61F85F1A10BE090028225C /* CoreGraphics.framework */ = {isa = PBXFileReference; lastKnownFileType = wrapper.framework; name = CoreGraphics.framework; path = System/Library/Frameworks/CoreGraphics.framework; sourceTree = SDKROOT; };
		FEAC1A531A19E60100EADE58 /* ClientListCell.h */ = {isa = PBXFileReference; fileEncoding = 4; lastKnownFileType = sourcecode.c.h; path = ClientListCell.h; sourceTree = "<group>"; };
		FEAC1A541A19E60100EADE58 /* ClientListCell.m */ = {isa = PBXFileReference; fileEncoding = 4; lastKnownFileType = sourcecode.c.objc; path = ClientListCell.m; sourceTree = "<group>"; };
/* End PBXFileReference section */

/* Begin PBXFrameworksBuildPhase section */
		FE61F8011A0B0A160028225C /* Frameworks */ = {
			isa = PBXFrameworksBuildPhase;
			buildActionMask = 2147483647;
			files = (
				FE4B72FF1A135D8F00238A02 /* libzbar.a in Frameworks */,
				FE4B72FD1A135D8700238A02 /* QuartzCore.framework in Frameworks */,
				FE4B72FC1A135D8200238A02 /* libiconv.dylib in Frameworks */,
				FE4B72FB1A135D7B00238A02 /* Foundation.framework in Frameworks */,
				FE4B72FA1A135D7700238A02 /* AVFoundation.framework in Frameworks */,
				FE4B72F91A135D7200238A02 /* CoreMedia.framework in Frameworks */,
				FE4B72F81A135D6D00238A02 /* CoreVideo.framework in Frameworks */,
				FE4B72F71A135D6800238A02 /* SystemConfiguration.framework in Frameworks */,
				FE4B72F61A135D6200238A02 /* UIKit.framework in Frameworks */,
				FE4B72F51A135D5B00238A02 /* CoreGraphics.framework in Frameworks */,
				FE61F84D1A10BC230028225C /* CFNetwork.framework in Frameworks */,
			);
			runOnlyForDeploymentPostprocessing = 0;
		};
		FE61F81A1A0B0A170028225C /* Frameworks */ = {
			isa = PBXFrameworksBuildPhase;
			buildActionMask = 2147483647;
			files = (
			);
			runOnlyForDeploymentPostprocessing = 0;
		};
/* End PBXFrameworksBuildPhase section */

/* Begin PBXGroup section */
		FE4427881A11D7A2009E6A44 /* AsyncSocket */ = {
			isa = PBXGroup;
			children = (
				FE4427891A11D7A2009E6A44 /* AsyncSocket.h */,
				FE44278A1A11D7A2009E6A44 /* AsyncSocket.m */,
				FE44278B1A11D7A2009E6A44 /* AsyncUdpSocket.h */,
				FE44278C1A11D7A2009E6A44 /* AsyncUdpSocket.m */,
			);
			name = AsyncSocket;
			path = Lib/AsyncSocket;
			sourceTree = "<group>";
		};
		FE4B72D21A135B3D00238A02 /* Resource */ = {
			isa = PBXGroup;
			children = (
				FE4B73081A137D4500238A02 /* home_image.png */,
				FE4B73001A1363F400238A02 /* line@2x.png */,
				FE4B73011A1363F400238A02 /* pick_bg@2x.png */,
				FE4B72EC1A135D3B00238A02 /* zbar-back.png */,
				FE4B72ED1A135D3B00238A02 /* zbar-help.html */,
				FE4B72EE1A135D3B00238A02 /* zbar-helpicons.png */,
				FE4B72EF1A135D3B00238A02 /* zbar-samples.png */,
				FE4B72D31A135B3D00238A02 /* qr_scan.png */,
			);
			path = Resource;
			sourceTree = "<group>";
		};
		FE4B72D51A135D1B00238A02 /* ZBarSDK */ = {
			isa = PBXGroup;
			children = (
				FE4B72D61A135D1B00238A02 /* zbar */,
				FE4B72E01A135D1B00238A02 /* zbar.h */,
				FE4B72E11A135D1B00238A02 /* ZBarCameraSimulator.h */,
				FE4B72E21A135D1B00238A02 /* ZBarCaptureReader.h */,
				FE4B72E31A135D1B00238A02 /* ZBarHelpController.h */,
				FE4B72E41A135D1B00238A02 /* ZBarImage.h */,
				FE4B72E51A135D1B00238A02 /* ZBarImageScanner.h */,
				FE4B72E61A135D1B00238A02 /* ZBarReaderController.h */,
				FE4B72E71A135D1B00238A02 /* ZBarReaderView.h */,
				FE4B72E81A135D1B00238A02 /* ZBarReaderViewController.h */,
				FE4B72E91A135D1B00238A02 /* ZBarSDK.h */,
				FE4B72EA1A135D1B00238A02 /* ZBarSymbol.h */,
			);
			name = ZBarSDK;
			path = Lib/ZBarSDK/Headers/ZBarSDK;
			sourceTree = "<group>";
		};
		FE4B72D61A135D1B00238A02 /* zbar */ = {
			isa = PBXGroup;
			children = (
				FE4B72D71A135D1B00238A02 /* Decoder.h */,
				FE4B72D81A135D1B00238A02 /* Exception.h */,
				FE4B72D91A135D1B00238A02 /* Image.h */,
				FE4B72DA1A135D1B00238A02 /* ImageScanner.h */,
				FE4B72DB1A135D1B00238A02 /* Processor.h */,
				FE4B72DC1A135D1B00238A02 /* Scanner.h */,
				FE4B72DD1A135D1B00238A02 /* Symbol.h */,
				FE4B72DE1A135D1B00238A02 /* Video.h */,
				FE4B72DF1A135D1B00238A02 /* Window.h */,
			);
			path = zbar;
			sourceTree = "<group>";
		};
		FE4B73041A13798C00238A02 /* 3 */ = {
			isa = PBXGroup;
			children = (
				FE4B73051A137B9000238A02 /* PatternThree.h */,
				FE4B73061A137B9000238A02 /* PatternThree.m */,
			);
			name = 3;
			path = Patterns/3;
			sourceTree = "<group>";
		};
		FE4B73161A15DE5800238A02 /* Discover */ = {
			isa = PBXGroup;
			children = (
				FE4B73171A15DE9700238A02 /* Scanner.h */,
				FE4B73181A15DE9700238A02 /* Scanner.m */,
			);
			path = Discover;
			sourceTree = "<group>";
		};
		FE61F7FB1A0B0A160028225C = {
			isa = PBXGroup;
			children = (
				FE61F8521A10BDB90028225C /* Frameworks */,
				FE61F8061A0B0A160028225C /* SimpleConfig */,
				FE61F8201A0B0A170028225C /* SimpleConfigTests */,
				FE61F8051A0B0A160028225C /* Products */,
			);
			sourceTree = "<group>";
		};
		FE61F8051A0B0A160028225C /* Products */ = {
			isa = PBXGroup;
			children = (
				FE61F8041A0B0A160028225C /* SimpleConfig.app */,
				FE61F81D1A0B0A170028225C /* SimpleConfigTests.xctest */,
			);
			name = Products;
			sourceTree = "<group>";
		};
		FE61F8061A0B0A160028225C /* SimpleConfig */ = {
			isa = PBXGroup;
			children = (
				FE4B73161A15DE5800238A02 /* Discover */,
				FE4B72D21A135B3D00238A02 /* Resource */,
				FE61F82E1A0B0D2B0028225C /* Lib */,
				FE61F82D1A0B0D200028225C /* Patterns */,
				FE61F80B1A0B0A170028225C /* AppDelegate.h */,
				FE61F80C1A0B0A170028225C /* AppDelegate.m */,
				FE61F80E1A0B0A170028225C /* ViewController.h */,
				FE61F80F1A0B0A170028225C /* ViewController.m */,
				FE4427791A11C093009E6A44 /* ConfigViewController.h */,
				FE44277A1A11C0D3009E6A44 /* ConfigViewController.m */,
				FE4B730E1A14968500238A02 /* DiscoverViewController.h */,
				FE4B730F1A14968500238A02 /* DiscoverViewController.m */,
				FEAC1A531A19E60100EADE58 /* ClientListCell.h */,
				FEAC1A541A19E60100EADE58 /* ClientListCell.m */,
				FE4B73111A14973500238A02 /* ClientViewController.h */,
				FE4B73121A14973500238A02 /* ClientViewController.m */,
				FE61F8111A0B0A170028225C /* Main.storyboard */,
				FE61F8431A0B59380028225C /* SimpleConfig.h */,
				FE61F8441A0B59960028225C /* SimpleConfig.m */,
				FE61F8491A1055140028225C /* String.h */,
				FE61F8141A0B0A170028225C /* Images.xcassets */,
				FE61F8161A0B0A170028225C /* LaunchScreen.xib */,
				FE61F8071A0B0A160028225C /* Supporting Files */,
			);
			path = SimpleConfig;
			sourceTree = "<group>";
		};
		FE61F8071A0B0A160028225C /* Supporting Files */ = {
			isa = PBXGroup;
			children = (
				FE61F8081A0B0A170028225C /* Info.plist */,
				FE61F8091A0B0A170028225C /* main.m */,
			);
			name = "Supporting Files";
			sourceTree = "<group>";
		};
		FE61F8201A0B0A170028225C /* SimpleConfigTests */ = {
			isa = PBXGroup;
			children = (
				FE61F8231A0B0A170028225C /* SimpleConfigTests.m */,
				FE61F8211A0B0A170028225C /* Supporting Files */,
			);
			path = SimpleConfigTests;
			sourceTree = "<group>";
		};
		FE61F8211A0B0A170028225C /* Supporting Files */ = {
			isa = PBXGroup;
			children = (
				FE61F8221A0B0A170028225C /* Info.plist */,
			);
			name = "Supporting Files";
			sourceTree = "<group>";
		};
		FE61F82D1A0B0D200028225C /* Patterns */ = {
			isa = PBXGroup;
			children = (
				FE4B73041A13798C00238A02 /* 3 */,
				FE61F83F1A0B57CB0028225C /* 2 */,
				FE61F83A1A0B4F020028225C /* Common */,
			);
			name = Patterns;
			sourceTree = "<group>";
		};
		FE61F82E1A0B0D2B0028225C /* Lib */ = {
			isa = PBXGroup;
			children = (
				FE4B72D51A135D1B00238A02 /* ZBarSDK */,
				FE4427881A11D7A2009E6A44 /* AsyncSocket */,
			);
			name = Lib;
			sourceTree = "<group>";
		};
		FE61F83A1A0B4F020028225C /* Common */ = {
			isa = PBXGroup;
			children = (
				FE61F83B1A0B4F020028225C /* Defines.h */,
				FE61F83C1A0B4F020028225C /* PatternBase.h */,
				FE61F83D1A0B4F020028225C /* PatternBase.m */,
			);
			name = Common;
			path = Patterns/Common;
			sourceTree = "<group>";
		};
		FE61F83F1A0B57CB0028225C /* 2 */ = {
			isa = PBXGroup;
			children = (
				FE44277C1A11D06E009E6A44 /* PatternTwo.h */,
				FE44277D1A11D06E009E6A44 /* PatternTwo.m */,
			);
			name = 2;
			path = Patterns/Multi;
			sourceTree = "<group>";
		};
		FE61F8521A10BDB90028225C /* Frameworks */ = {
			isa = PBXGroup;
			children = (
				FE4B72FE1A135D8F00238A02 /* libzbar.a */,
				FE61F85F1A10BE090028225C /* CoreGraphics.framework */,
				FE61F85D1A10BE000028225C /* UIKit.framework */,
				FE61F85B1A10BDF70028225C /* SystemConfiguration.framework */,
				FE61F8591A10BDF10028225C /* CoreVideo.framework */,
				FE61F8571A10BDEC0028225C /* CoreMedia.framework */,
				FE61F8551A10BDE10028225C /* AVFoundation.framework */,
				FE61F8531A10BDDC0028225C /* Foundation.framework */,
				FE61F8501A10BDAF0028225C /* libiconv.dylib */,
				FE61F84E1A10BDA30028225C /* QuartzCore.framework */,
				FE61F84C1A10BC230028225C /* CFNetwork.framework */,
			);
			name = Frameworks;
			sourceTree = "<group>";
		};
/* End PBXGroup section */

/* Begin PBXNativeTarget section */
		FE61F8031A0B0A160028225C /* SimpleConfig */ = {
			isa = PBXNativeTarget;
			buildConfigurationList = FE61F8271A0B0A170028225C /* Build configuration list for PBXNativeTarget "SimpleConfig" */;
			buildPhases = (
				FE61F8001A0B0A160028225C /* Sources */,
				FE61F8011A0B0A160028225C /* Frameworks */,
				FE61F8021A0B0A160028225C /* Resources */,
			);
			buildRules = (
			);
			dependencies = (
			);
			name = SimpleConfig;
			productName = SimpleConfig;
			productReference = FE61F8041A0B0A160028225C /* SimpleConfig.app */;
			productType = "com.apple.product-type.application";
		};
		FE61F81C1A0B0A170028225C /* SimpleConfigTests */ = {
			isa = PBXNativeTarget;
			buildConfigurationList = FE61F82A1A0B0A170028225C /* Build configuration list for PBXNativeTarget "SimpleConfigTests" */;
			buildPhases = (
				FE61F8191A0B0A170028225C /* Sources */,
				FE61F81A1A0B0A170028225C /* Frameworks */,
				FE61F81B1A0B0A170028225C /* Resources */,
			);
			buildRules = (
			);
			dependencies = (
				FE61F81F1A0B0A170028225C /* PBXTargetDependency */,
			);
			name = SimpleConfigTests;
			productName = SimpleConfigTests;
			productReference = FE61F81D1A0B0A170028225C /* SimpleConfigTests.xctest */;
			productType = "com.apple.product-type.bundle.unit-test";
		};
/* End PBXNativeTarget section */

/* Begin PBXProject section */
		FE61F7FC1A0B0A160028225C /* Project object */ = {
			isa = PBXProject;
			attributes = {
				LastUpgradeCheck = 0610;
				ORGANIZATIONNAME = Realtek;
				TargetAttributes = {
					FE61F8031A0B0A160028225C = {
						CreatedOnToolsVersion = 6.1;
						DevelopmentTeam = VTK5NJBTHT;
					};
					FE61F81C1A0B0A170028225C = {
						CreatedOnToolsVersion = 6.1;
						TestTargetID = FE61F8031A0B0A160028225C;
					};
				};
			};
			buildConfigurationList = FE61F7FF1A0B0A160028225C /* Build configuration list for PBXProject "SimpleConfig" */;
			compatibilityVersion = "Xcode 3.2";
			developmentRegion = English;
			hasScannedForEncodings = 0;
			knownRegions = (
				en,
				Base,
			);
			mainGroup = FE61F7FB1A0B0A160028225C;
			productRefGroup = FE61F8051A0B0A160028225C /* Products */;
			projectDirPath = "";
			projectRoot = "";
			targets = (
				FE61F8031A0B0A160028225C /* SimpleConfig */,
				FE61F81C1A0B0A170028225C /* SimpleConfigTests */,
			);
		};
/* End PBXProject section */

/* Begin PBXResourcesBuildPhase section */
		FE61F8021A0B0A160028225C /* Resources */ = {
			isa = PBXResourcesBuildPhase;
			buildActionMask = 2147483647;
			files = (
				FE61F8131A0B0A170028225C /* Main.storyboard in Resources */,
				FE4B72F11A135D3B00238A02 /* zbar-back.png in Resources */,
				FE4B72F41A135D3B00238A02 /* zbar-samples.png in Resources */,
				FE4B72D41A135B3D00238A02 /* qr_scan.png in Resources */,
				FE4B73031A1363F400238A02 /* pick_bg@2x.png in Resources */,
				FE61F8181A0B0A170028225C /* LaunchScreen.xib in Resources */,
				FE4B72F21A135D3B00238A02 /* zbar-help.html in Resources */,
				FE4B72F31A135D3B00238A02 /* zbar-helpicons.png in Resources */,
				FE4B73021A1363F400238A02 /* line@2x.png in Resources */,
				FE4B73091A137D4500238A02 /* home_image.png in Resources */,
				FE61F8151A0B0A170028225C /* Images.xcassets in Resources */,
			);
			runOnlyForDeploymentPostprocessing = 0;
		};
		FE61F81B1A0B0A170028225C /* Resources */ = {
			isa = PBXResourcesBuildPhase;
			buildActionMask = 2147483647;
			files = (
			);
			runOnlyForDeploymentPostprocessing = 0;
		};
/* End PBXResourcesBuildPhase section */

/* Begin PBXSourcesBuildPhase section */
		FE61F8001A0B0A160028225C /* Sources */ = {
			isa = PBXSourcesBuildPhase;
			buildActionMask = 2147483647;
			files = (
				FE61F8101A0B0A170028225C /* ViewController.m in Sources */,
				FE44278D1A11D7A2009E6A44 /* AsyncSocket.m in Sources */,
				FEAC1A551A19E60100EADE58 /* ClientListCell.m in Sources */,
				FE4B73191A15DE9700238A02 /* Scanner.m in Sources */,
				FE44277B1A11C0D3009E6A44 /* ConfigViewController.m in Sources */,
				FE61F8451A0B59960028225C /* SimpleConfig.m in Sources */,
				FE61F83E1A0B4F020028225C /* PatternBase.m in Sources */,
				FE61F80D1A0B0A170028225C /* AppDelegate.m in Sources */,
				FE44278E1A11D7A2009E6A44 /* AsyncUdpSocket.m in Sources */,
				FE4B73101A14968500238A02 /* DiscoverViewController.m in Sources */,
				FE61F80A1A0B0A170028225C /* main.m in Sources */,
				FE44277E1A11D06E009E6A44 /* PatternTwo.m in Sources */,
				FE4B73071A137B9000238A02 /* PatternThree.m in Sources */,
				FE4B73131A14973500238A02 /* ClientViewController.m in Sources */,
			);
			runOnlyForDeploymentPostprocessing = 0;
		};
		FE61F8191A0B0A170028225C /* Sources */ = {
			isa = PBXSourcesBuildPhase;
			buildActionMask = 2147483647;
			files = (
				FE61F8241A0B0A170028225C /* SimpleConfigTests.m in Sources */,
			);
			runOnlyForDeploymentPostprocessing = 0;
		};
/* End PBXSourcesBuildPhase section */

/* Begin PBXTargetDependency section */
		FE61F81F1A0B0A170028225C /* PBXTargetDependency */ = {
			isa = PBXTargetDependency;
			target = FE61F8031A0B0A160028225C /* SimpleConfig */;
			targetProxy = FE61F81E1A0B0A170028225C /* PBXContainerItemProxy */;
		};
/* End PBXTargetDependency section */

/* Begin PBXVariantGroup section */
		FE61F8111A0B0A170028225C /* Main.storyboard */ = {
			isa = PBXVariantGroup;
			children = (
				FE61F8121A0B0A170028225C /* Base */,
			);
			name = Main.storyboard;
			sourceTree = "<group>";
		};
		FE61F8161A0B0A170028225C /* LaunchScreen.xib */ = {
			isa = PBXVariantGroup;
			children = (
				FE61F8171A0B0A170028225C /* Base */,
			);
			name = LaunchScreen.xib;
			sourceTree = "<group>";
		};
/* End PBXVariantGroup section */

/* Begin XCBuildConfiguration section */
		FE61F8251A0B0A170028225C /* Debug */ = {
			isa = XCBuildConfiguration;
			buildSettings = {
				ALWAYS_SEARCH_USER_PATHS = NO;
				CLANG_CXX_LANGUAGE_STANDARD = "gnu++0x";
				CLANG_CXX_LIBRARY = "libc++";
				CLANG_ENABLE_MODULES = YES;
				CLANG_ENABLE_OBJC_ARC = NO;
				CLANG_WARN_BOOL_CONVERSION = YES;
				CLANG_WARN_CONSTANT_CONVERSION = YES;
				CLANG_WARN_DIRECT_OBJC_ISA_USAGE = YES_ERROR;
				CLANG_WARN_EMPTY_BODY = YES;
				CLANG_WARN_ENUM_CONVERSION = YES;
				CLANG_WARN_INT_CONVERSION = YES;
				CLANG_WARN_OBJC_ROOT_CLASS = YES_ERROR;
				CLANG_WARN_UNREACHABLE_CODE = YES;
				CLANG_WARN__DUPLICATE_METHOD_MATCH = YES;
				"CODE_SIGN_IDENTITY[sdk=iphoneos*]" = "iPhone Developer";
				COPY_PHASE_STRIP = NO;
				ENABLE_STRICT_OBJC_MSGSEND = YES;
				GCC_C_LANGUAGE_STANDARD = gnu99;
				GCC_DYNAMIC_NO_PIC = NO;
				GCC_OPTIMIZATION_LEVEL = 0;
				GCC_PREPROCESSOR_DEFINITIONS = (
					"DEBUG=1",
					"$(inherited)",
				);
				GCC_SYMBOLS_PRIVATE_EXTERN = NO;
				GCC_WARN_64_TO_32_BIT_CONVERSION = YES;
				GCC_WARN_ABOUT_RETURN_TYPE = YES_ERROR;
				GCC_WARN_UNDECLARED_SELECTOR = YES;
				GCC_WARN_UNINITIALIZED_AUTOS = YES_AGGRESSIVE;
				GCC_WARN_UNUSED_FUNCTION = YES;
				GCC_WARN_UNUSED_VARIABLE = YES;
				IPHONEOS_DEPLOYMENT_TARGET = 8.0;
				MTL_ENABLE_DEBUG_INFO = YES;
				ONLY_ACTIVE_ARCH = YES;
				SDKROOT = iphoneos8.1;
				TARGETED_DEVICE_FAMILY = "1,2";
			};
			name = Debug;
		};
		FE61F8261A0B0A170028225C /* Release */ = {
			isa = XCBuildConfiguration;
			buildSettings = {
				ALWAYS_SEARCH_USER_PATHS = NO;
				CLANG_CXX_LANGUAGE_STANDARD = "gnu++0x";
				CLANG_CXX_LIBRARY = "libc++";
				CLANG_ENABLE_MODULES = YES;
				CLANG_ENABLE_OBJC_ARC = NO;
				CLANG_WARN_BOOL_CONVERSION = YES;
				CLANG_WARN_CONSTANT_CONVERSION = YES;
				CLANG_WARN_DIRECT_OBJC_ISA_USAGE = YES_ERROR;
				CLANG_WARN_EMPTY_BODY = YES;
				CLANG_WARN_ENUM_CONVERSION = YES;
				CLANG_WARN_INT_CONVERSION = YES;
				CLANG_WARN_OBJC_ROOT_CLASS = YES_ERROR;
				CLANG_WARN_UNREACHABLE_CODE = YES;
				CLANG_WARN__DUPLICATE_METHOD_MATCH = YES;
				"CODE_SIGN_IDENTITY[sdk=iphoneos*]" = "iPhone Developer";
				COPY_PHASE_STRIP = YES;
				ENABLE_NS_ASSERTIONS = NO;
				ENABLE_STRICT_OBJC_MSGSEND = YES;
				GCC_C_LANGUAGE_STANDARD = gnu99;
				GCC_WARN_64_TO_32_BIT_CONVERSION = YES;
				GCC_WARN_ABOUT_RETURN_TYPE = YES_ERROR;
				GCC_WARN_UNDECLARED_SELECTOR = YES;
				GCC_WARN_UNINITIALIZED_AUTOS = YES_AGGRESSIVE;
				GCC_WARN_UNUSED_FUNCTION = YES;
				GCC_WARN_UNUSED_VARIABLE = YES;
				IPHONEOS_DEPLOYMENT_TARGET = 8.0;
				MTL_ENABLE_DEBUG_INFO = NO;
				SDKROOT = iphoneos8.1;
				TARGETED_DEVICE_FAMILY = "1,2";
				VALIDATE_PRODUCT = YES;
			};
			name = Release;
		};
		FE61F8281A0B0A170028225C /* Debug */ = {
			isa = XCBuildConfiguration;
			buildSettings = {
				ASSETCATALOG_COMPILER_APPICON_NAME = AppIcon;
				CODE_SIGN_IDENTITY = "iPhone Developer";
				"CODE_SIGN_IDENTITY[sdk=iphoneos*]" = "iPhone Developer";
				INFOPLIST_FILE = SimpleConfig/Info.plist;
				IPHONEOS_DEPLOYMENT_TARGET = 8.1;
				LD_RUNPATH_SEARCH_PATHS = "$(inherited) @executable_path/Frameworks";
				LIBRARY_SEARCH_PATHS = (
					"$(inherited)",
					"$(PROJECT_DIR)/SimpleConfig/Lib/ZBarSDK",
				);
				PRODUCT_NAME = "$(TARGET_NAME)";
				PROVISIONING_PROFILE = "";
				TARGETED_DEVICE_FAMILY = 1;
			};
			name = Debug;
		};
		FE61F8291A0B0A170028225C /* Release */ = {
			isa = XCBuildConfiguration;
			buildSettings = {
				ASSETCATALOG_COMPILER_APPICON_NAME = AppIcon;
				CODE_SIGN_IDENTITY = "iPhone Developer";
				"CODE_SIGN_IDENTITY[sdk=iphoneos*]" = "iPhone Developer";
				INFOPLIST_FILE = SimpleConfig/Info.plist;
				IPHONEOS_DEPLOYMENT_TARGET = 8.1;
				LD_RUNPATH_SEARCH_PATHS = "$(inherited) @executable_path/Frameworks";
				LIBRARY_SEARCH_PATHS = (
					"$(inherited)",
					"$(PROJECT_DIR)/SimpleConfig/Lib/ZBarSDK",
				);
				PRODUCT_NAME = "$(TARGET_NAME)";
				PROVISIONING_PROFILE = "";
				TARGETED_DEVICE_FAMILY = 1;
			};
			name = Release;
		};
		FE61F82B1A0B0A170028225C /* Debug */ = {
			isa = XCBuildConfiguration;
			buildSettings = {
				BUNDLE_LOADER = "$(TEST_HOST)";
				FRAMEWORK_SEARCH_PATHS = (
					"$(SDKROOT)/Developer/Library/Frameworks",
					"$(inherited)",
				);
				GCC_PREPROCESSOR_DEFINITIONS = (
					"DEBUG=1",
					"$(inherited)",
				);
				INFOPLIST_FILE = SimpleConfigTests/Info.plist;
				LD_RUNPATH_SEARCH_PATHS = "$(inherited) @executable_path/Frameworks @loader_path/Frameworks";
				PRODUCT_NAME = "$(TARGET_NAME)";
				TEST_HOST = "$(BUILT_PRODUCTS_DIR)/SimpleConfig.app/SimpleConfig";
			};
			name = Debug;
		};
		FE61F82C1A0B0A170028225C /* Release */ = {
			isa = XCBuildConfiguration;
			buildSettings = {
				BUNDLE_LOADER = "$(TEST_HOST)";
				FRAMEWORK_SEARCH_PATHS = (
					"$(SDKROOT)/Developer/Library/Frameworks",
					"$(inherited)",
				);
				INFOPLIST_FILE = SimpleConfigTests/Info.plist;
				LD_RUNPATH_SEARCH_PATHS = "$(inherited) @executable_path/Frameworks @loader_path/Frameworks";
				PRODUCT_NAME = "$(TARGET_NAME)";
				TEST_HOST = "$(BUILT_PRODUCTS_DIR)/SimpleConfig.app/SimpleConfig";
			};
			name = Release;
		};
/* End XCBuildConfiguration section */

/* Begin XCConfigurationList section */
		FE61F7FF1A0B0A160028225C /* Build configuration list for PBXProject "SimpleConfig" */ = {
			isa = XCConfigurationList;
			buildConfigurations = (
				FE61F8251A0B0A170028225C /* Debug */,
				FE61F8261A0B0A170028225C /* Release */,
			);
			defaultConfigurationIsVisible = 0;
			defaultConfigurationName = Release;
		};
		FE61F8271A0B0A170028225C /* Build configuration list for PBXNativeTarget "SimpleConfig" */ = {
			isa = XCConfigurationList;
			buildConfigurations = (
				FE61F8281A0B0A170028225C /* Debug */,
				FE61F8291A0B0A170028225C /* Release */,
			);
			defaultConfigurationIsVisible = 0;
			defaultConfigurationName = Release;
		};
		FE61F82A1A0B0A170028225C /* Build configuration list for PBXNativeTarget "SimpleConfigTests" */ = {
			isa = XCConfigurationList;
			buildConfigurations = (
				FE61F82B1A0B0A170028225C /* Debug */,
				FE61F82C1A0B0A170028225C /* Release */,
			);
			defaultConfigurationIsVisible = 0;
			defaultConfigurationName = Release;
		};
/* End XCConfigurationList section */
	};
	rootObject = FE61F7FC1A0B0A160028225C /* Project object */;
}
